
Microsoft Visual Studio Solution File, Format Version 12.00
# Visual Studio Version 17
VisualStudioVersion = 17.5.33530.505
MinimumVisualStudioVersion = 10.0.40219.1
Project("{9A19103F-16F7-4668-BE54-9A1E7A4F7556}") = "RecipeApp.Web", "RecipeApp.Web\RecipeApp.Web.csproj", "{BDC35730-24E4-4F39-8C0B-9BD444DCA363}"
EndProject
Project("{9A19103F-16F7-4668-BE54-9A1E7A4F7556}") = "RecipeApp.Core", "RecipeApp.Core\RecipeApp.Core.csproj", "{77F68E63-3A70-426B-9784-31E8E94CBD9B}"
EndProject
Project("{9A19103F-16F7-4668-BE54-9A1E7A4F7556}") = "RecipeApp.Dal", "RecipeApp.Dal\RecipeApp.Dal.csproj", "{8113EEDF-56B4-473C-B91E-1A8BE7A2573D}"
EndProject
Project("{9A19103F-16F7-4668-BE54-9A1E7A4F7556}") = "RecipeApp.Service", "RecipeApp.Service\RecipeApp.Service.csproj", "{C1B601E0-D8EF-4004-8D48-153EE1C7A121}"
EndProject
Project("{FAE04EC0-301F-11D3-BF4B-00C04F79EFBC}") = "RecipeApp.InMemoryCache", "RecipeApp.InMemoryCache\RecipeApp.InMemoryCache.csproj", "{60BAA32A-E6D4-4D44-8388-1ACB0756E8DE}"
EndProject
Global
	GlobalSection(SolutionConfigurationPlatforms) = preSolution
		Debug|Any CPU = Debug|Any CPU
		Release|Any CPU = Release|Any CPU
	EndGlobalSection
	GlobalSection(ProjectConfigurationPlatforms) = postSolution
		{BDC35730-24E4-4F39-8C0B-9BD444DCA363}.Debug|Any CPU.ActiveCfg = Debug|Any CPU
		{BDC35730-24E4-4F39-8C0B-9BD444DCA363}.Debug|Any CPU.Build.0 = Debug|Any CPU
		{BDC35730-24E4-4F39-8C0B-9BD444DCA363}.Release|Any CPU.ActiveCfg = Release|Any CPU
		{BDC35730-24E4-4F39-8C0B-9BD444DCA363}.Release|Any CPU.Build.0 = Release|Any CPU
		{77F68E63-3A70-426B-9784-31E8E94CBD9B}.Debug|Any CPU.ActiveCfg = Debug|Any CPU
		{77F68E63-3A70-426B-9784-31E8E94CBD9B}.Debug|Any CPU.Build.0 = Debug|Any CPU
		{77F68E63-3A70-426B-9784-31E8E94CBD9B}.Release|Any CPU.ActiveCfg = Release|Any CPU
		{77F68E63-3A70-426B-9784-31E8E94CBD9B}.Release|Any CPU.Build.0 = Release|Any CPU
		{8113EEDF-56B4-473C-B91E-1A8BE7A2573D}.Debug|Any CPU.ActiveCfg = Debug|Any CPU
		{8113EEDF-56B4-473C-B91E-1A8BE7A2573D}.Debug|Any CPU.Build.0 = Debug|Any CPU
		{8113EEDF-56B4-473C-B91E-1A8BE7A2573D}.Release|Any CPU.ActiveCfg = Release|Any CPU
		{8113EEDF-56B4-473C-B91E-1A8BE7A2573D}.Release|Any CPU.Build.0 = Release|Any CPU
		{C1B601E0-D8EF-4004-8D48-153EE1C7A121}.Debug|Any CPU.ActiveCfg = Debug|Any CPU
		{C1B601E0-D8EF-4004-8D48-153EE1C7A121}.Debug|Any CPU.Build.0 = Debug|Any CPU
		{C1B601E0-D8EF-4004-8D48-153EE1C7A121}.Release|Any CPU.ActiveCfg = Release|Any CPU
		{C1B601E0-D8EF-4004-8D48-153EE1C7A121}.Release|Any CPU.Build.0 = Release|Any CPU
		{60BAA32A-E6D4-4D44-8388-1ACB0756E8DE}.Debug|Any CPU.ActiveCfg = Debug|Any CPU
		{60BAA32A-E6D4-4D44-8388-1ACB0756E8DE}.Debug|Any CPU.Build.0 = Debug|Any CPU
		{60BAA32A-E6D4-4D44-8388-1ACB0756E8DE}.Release|Any CPU.ActiveCfg = Release|Any CPU
		{60BAA32A-E6D4-4D44-8388-1ACB0756E8DE}.Release|Any CPU.Build.0 = Release|Any CPU
	EndGlobalSection
	GlobalSection(SolutionProperties) = preSolution
		HideSolutionNode = FALSE
	EndGlobalSection
	GlobalSection(ExtensibilityGlobals) = postSolution
		SolutionGuid = {FBF6715C-82C9-41BC-87C3-2303DC4C3E36}
	EndGlobalSection
EndGlobal
